{
    "_readme": [
        "This file locks the dependencies of your project to a known state",
        "Read more about it at https://getcomposer.org/doc/01-basic-usage.md#composer-lock-the-lock-file",
        "This file is @generated automatically"
    ],
    "hash": "92eb97ad070ce318247043a536b31332",
    "packages": [
        {
            "name": "net/http",
            "version": "1.1.0",
            "source": {
                "type": "git",
                "url": "https://github.com/bigcommerce/net-http.git",
                "reference": "aba27bdaa13e478bcf31b2ec1686577994efbd96"
            },
            "dist": {
                "type": "zip",
                "url": "https://api.github.com/repos/bigcommerce/net-http/zipball/aba27bdaa13e478bcf31b2ec1686577994efbd96",
                "reference": "aba27bdaa13e478bcf31b2ec1686577994efbd96",
                "shasum": ""
            },
            "require-dev": {
                "phpunit/phpunit": "3.7"
            },
            "type": "library",
            "autoload": {
                "psr-0": {
                    "Net_": "src/"
                }
            },
            "notification-url": "https://packagist.org/downloads/",
            "license": [
                "MIT"
            ],
            "authors": [
                {
                    "name": "Mark Rickerby",
                    "email": "mark.rickerby@bigcommerce.com"
                }
            ],
            "description": "A basic HTTP client",
            "time": "2014-01-21 11:53:48"
        },
        {
            "name": "payment/httpclient",
            "version": "1.0.2",
            "target-dir": "Payment/HttpClient",
            "source": {
                "type": "git",
                "url": "https://github.com/payment/httpclient.git",
                "reference": "a59f5f56ac34261903124d85a9af30e621568bec"
            },
            "dist": {
                "type": "zip",
                "url": "https://api.github.com/repos/payment/httpclient/zipball/a59f5f56ac34261903124d85a9af30e621568bec",
                "reference": "a59f5f56ac34261903124d85a9af30e621568bec",
                "shasum": ""
            },
            "require": {
                "php": ">=5.3.3"
            },
            "type": "interface",
            "autoload": {
                "psr-0": {
                    "Payment\\HttpClient\\": ""
                }
            },
            "notification-url": "https://packagist.org/downloads/",
            "license": [
                "MIT"
            ],
            "authors": [
                {
                    "name": "Dominik Zogg",
                    "email": "dominik.zogg@gmail.com"
                }
            ],
            "description": "http client interface",
            "keywords": [
                "http client"
            ],
            "time": "2014-10-17 13:39:50"
        }
    ],
    "packages-dev": [],
    "aliases": [],
    "minimum-stability": "stable",
    "stability-flags": [],
    "prefer-stable": false,
    "prefer-lowest": false,
    "platform": {
        "php": ">=5.3.3"
    },
    "platform-dev": []
}
